
Microsoft Visual Studio Solution File, Format Version 12.00
# Visual Studio Version 16
VisualStudioVersion = 16.0.29326.143
MinimumVisualStudioVersion = 10.0.40219.1
Project("{9A19103F-16F7-4668-BE54-9A1E7A4F7556}") = "ClientServer", "ClientServer.csproj", "{A9694D2D-244F-4BC9-B821-83536BB90ECD}"
EndProject
Global
	GlobalSection(SolutionConfigurationPlatforms) = preSolution
		Debug|Any CPU = Debug|Any CPU
		Release|Any CPU = Release|Any CPU
	EndGlobalSection
	GlobalSection(ProjectConfigurationPlatforms) = postSolution
		{A9694D2D-244F-4BC9-B821-83536BB90ECD}.Debug|Any CPU.ActiveCfg = Debug|Any CPU
		{A9694D2D-244F-4BC9-B821-83536BB90ECD}.Debug|Any CPU.Build.0 = Debug|Any CPU
		{A9694D2D-244F-4BC9-B821-83536BB90ECD}.Release|Any CPU.ActiveCfg = Release|Any CPU
		{A9694D2D-244F-4BC9-B821-83536BB90ECD}.Release|Any CPU.Build.0 = Release|Any CPU
	EndGlobalSection
	GlobalSection(SolutionProperties) = preSolution
		HideSolutionNode = FALSE
	EndGlobalSection
	GlobalSection(ExtensibilityGlobals) = postSolution
		SolutionGuid = {A7991B59-30E3-4712-97CA-B435BAC1B0CD}
	EndGlobalSection
EndGlobal
